<?xml version="1.0" encoding="utf-8"?>
<Project ToolsVersion="4.0" xmlns="http://schemas.microsoft.com/developer/msbuild/2003">
  <ItemGroup>
    <Filter Include="Source Files">
      <UniqueIdentifier>{4FC737F1-C7A5-4376-A066-2A32D752A2FF}</UniqueIdentifier>
      <Extensions>cpp;c;cc;cxx;def;odl;idl;hpj;bat;asm;asmx</Extensions>
    </Filter>
    <Filter Include="Header Files">
      <UniqueIdentifier>{93995380-89BD-4b04-88EB-625FBE52EBFB}</UniqueIdentifier>
      <Extensions>h;hh;hpp;hxx;hm;inl;inc;xsd</Extensions>
    </Filter>
    <Filter Include="Resource Files">
      <UniqueIdentifier>{67DA6AB6-F800-4c08-8B7A-83BB121AAD01}</UniqueIdentifier>
      <Extensions>rc;ico;cur;bmp;dlg;rc2;rct;bin;rgs;gif;jpg;jpeg;jpe;resx;tiff;tif;png;wav;mfcribbon-ms</Extensions>
    </Filter>
    <Filter Include="Header Files\Entities">
      <UniqueIdentifier>{71a9181f-c2d9-4f5d-8a22-0c784d2632a1}</UniqueIdentifier>
    </Filter>
    <Filter Include="Source Files\Entities">
      <UniqueIdentifier>{6db9db48-7cc3-49ae-ab80-76afa415a306}</UniqueIdentifier>
    </Filter>
    <Filter Include="Header Files\General">
      <UniqueIdentifier>{69845cbb-5304-4cd0-a4be-3be7fa7cba42}</UniqueIdentifier>
    </Filter>
    <Filter Include="Header Files\GUI">
      <UniqueIdentifier>{fbf17dd4-f7a4-43d3-bb80-41875446881c}</UniqueIdentifier>
    </Filter>
    <Filter Include="Header Files\Network">
      <UniqueIdentifier>{5bfd464d-ccb1-4750-96e9-64dc6359769c}</UniqueIdentifier>
    </Filter>
    <Filter Include="Source Files\General">
      <UniqueIdentifier>{ef0d65b1-d06b-4efa-91b1-20f51d3c0924}</UniqueIdentifier>
    </Filter>
    <Filter Include="Source Files\GUI">
      <UniqueIdentifier>{603799f7-dd67-43a0-aff9-bfd6bfddf77d}</UniqueIdentifier>
    </Filter>
    <Filter Include="Source Files\Network">
      <UniqueIdentifier>{de0bceaf-b9b1-4dac-946a-c428417b381d}</UniqueIdentifier>
    </Filter>
  </ItemGroup>
  <ItemGroup>
    <ClCompile Include="Main.cpp">
      <Filter>Source Files</Filter>
    </ClCompile>
    <ClCompile Include="AI.cpp">
      <Filter>Source Files\Entities</Filter>
    </ClCompile>
    <ClCompile Include="Human.cpp">
      <Filter>Source Files\Entities</Filter>
    </ClCompile>
    <ClCompile Include="Remote.cpp">
      <Filter>Source Files\Entities</Filter>
    </ClCompile>
    <ClCompile Include="BoardPanel.cpp">
      <Filter>Source Files\GUI</Filter>
    </ClCompile>
    <ClCompile Include="MainMenu.cpp">
      <Filter>Source Files\GUI</Filter>
    </ClCompile>
    <ClCompile Include="SettingsPanel.cpp">
      <Filter>Source Files\GUI</Filter>
    </ClCompile>
    <ClCompile Include="Board.cpp">
      <Filter>Source Files\General</Filter>
    </ClCompile>
    <ClCompile Include="Controller.cpp">
      <Filter>Source Files\General</Filter>
    </ClCompile>
    <ClCompile Include="Settings.cpp">
      <Filter>Source Files\General</Filter>
    </ClCompile>
    <ClCompile Include="browser.cpp">
      <Filter>Source Files\GUI</Filter>
    </ClCompile>
    <ClCompile Include="Client.cpp">
      <Filter>Source Files\Network</Filter>
    </ClCompile>
    <ClCompile Include="Server.cpp">
      <Filter>Source Files\Network</Filter>
    </ClCompile>
  </ItemGroup>
  <ItemGroup>
    <ClInclude Include="AI.h">
      <Filter>Header Files\Entities</Filter>
    </ClInclude>
    <ClInclude Include="Human.h">
      <Filter>Header Files\Entities</Filter>
    </ClInclude>
    <ClInclude Include="Player.h">
      <Filter>Header Files\Entities</Filter>
    </ClInclude>
    <ClInclude Include="Remote.h">
      <Filter>Header Files\Entities</Filter>
    </ClInclude>
    <ClInclude Include="Board.h">
      <Filter>Header Files\General</Filter>
    </ClInclude>
    <ClInclude Include="Settings.h">
      <Filter>Header Files\General</Filter>
    </ClInclude>
    <ClInclude Include="Controller.h">
      <Filter>Header Files\General</Filter>
    </ClInclude>
    <ClInclude Include="Browser.h">
      <Filter>Header Files\GUI</Filter>
    </ClInclude>
    <ClInclude Include="BoardPanel.h">
      <Filter>Header Files\GUI</Filter>
    </ClInclude>
    <ClInclude Include="MainMenu.h">
      <Filter>Header Files\GUI</Filter>
    </ClInclude>
    <ClInclude Include="SettingsPanel.h">
      <Filter>Header Files\GUI</Filter>
    </ClInclude>
    <ClInclude Include="Server.h">
      <Filter>Header Files\Network</Filter>
    </ClInclude>
    <ClInclude Include="Client.h">
      <Filter>Header Files\Network</Filter>
    </ClInclude>
  </ItemGroup>
</Project>